
Microsoft Visual Studio Solution File, Format Version 12.00
# Visual Studio 15
VisualStudioVersion = 15.0.28010.2026
MinimumVisualStudioVersion = 10.0.40219.1
Project("{FAE04EC0-301F-11D3-BF4B-00C04F79EFBC}") = "KyleHynes_TimeTrackerApp", "KyleHynes_TimeTrackerApp\KyleHynes_TimeTrackerApp.csproj", "{1154B248-008F-489C-90E8-894B4869058B}"
EndProject
Global
	GlobalSection(SolutionConfigurationPlatforms) = preSolution
		Debug|Any CPU = Debug|Any CPU
		Release|Any CPU = Release|Any CPU
	EndGlobalSection
	GlobalSection(ProjectConfigurationPlatforms) = postSolution
		{1154B248-008F-489C-90E8-894B4869058B}.Debug|Any CPU.ActiveCfg = Debug|Any CPU
		{1154B248-008F-489C-90E8-894B4869058B}.Debug|Any CPU.Build.0 = Debug|Any CPU
		{1154B248-008F-489C-90E8-894B4869058B}.Release|Any CPU.ActiveCfg = Release|Any CPU
		{1154B248-008F-489C-90E8-894B4869058B}.Release|Any CPU.Build.0 = Release|Any CPU
	EndGlobalSection
	GlobalSection(SolutionProperties) = preSolution
		HideSolutionNode = FALSE
	EndGlobalSection
	GlobalSection(ExtensibilityGlobals) = postSolution
		SolutionGuid = {E8B09DB4-10CC-42C0-BE6D-8D1B5460B851}
	EndGlobalSection
EndGlobal
